// !$*UTF8*$!
{
	archiveVersion = 1;
	classes = {
	};
	objectVersion = 50;
	objects = {

/* Begin PBXBuildFile section */
		82B71E56411E2C068C7FE13D /* Pods_CustomPickersAndJsonDateAndTimeParsing.framework in Frameworks */ = {isa = PBXBuildFile; fileRef = CD01334D217AF207FB094794 /* Pods_CustomPickersAndJsonDateAndTimeParsing.framework */; };
		C03B4C1C22328F4000C41586 /* CustomAnnotation.swift in Sources */ = {isa = PBXBuildFile; fileRef = C03B4C1B22328F4000C41586 /* CustomAnnotation.swift */; };
		C04F25952231392600EC2A62 /* Rotatable.swift in Sources */ = {isa = PBXBuildFile; fileRef = C04F25932231392500EC2A62 /* Rotatable.swift */; };
		C04F25962231392600EC2A62 /* AnimationBarButton.swift in Sources */ = {isa = PBXBuildFile; fileRef = C04F25942231392500EC2A62 /* AnimationBarButton.swift */; };
		C04F259A2231393E00EC2A62 /* CollectionViewHelper.swift in Sources */ = {isa = PBXBuildFile; fileRef = C04F25972231393E00EC2A62 /* CollectionViewHelper.swift */; };
		C04F259B2231393E00EC2A62 /* ConfigurationHelper.swift in Sources */ = {isa = PBXBuildFile; fileRef = C04F25982231393E00EC2A62 /* ConfigurationHelper.swift */; };
		C04F259C2231393E00EC2A62 /* StoryboardHelper.swift in Sources */ = {isa = PBXBuildFile; fileRef = C04F25992231393E00EC2A62 /* StoryboardHelper.swift */; };
		C04F25A022314A1900EC2A62 /* SiteTableViewController.swift in Sources */ = {isa = PBXBuildFile; fileRef = C04F259F22314A1900EC2A62 /* SiteTableViewController.swift */; };
		C04F25A222314A2200EC2A62 /* SiteController.swift in Sources */ = {isa = PBXBuildFile; fileRef = C04F25A122314A2200EC2A62 /* SiteController.swift */; };
		C04F25AF2231835E00EC2A62 /* DemoCollectionViewCell.xib in Resources */ = {isa = PBXBuildFile; fileRef = C04F25AD2231835E00EC2A62 /* DemoCollectionViewCell.xib */; };
		C04F25B02231835E00EC2A62 /* DemoCollectionViewCell.swift in Sources */ = {isa = PBXBuildFile; fileRef = C04F25AE2231835E00EC2A62 /* DemoCollectionViewCell.swift */; };
		C08D15A1222FC79300D57166 /* AppDelegate.swift in Sources */ = {isa = PBXBuildFile; fileRef = C08D15A0222FC79300D57166 /* AppDelegate.swift */; };
		C08D15A3222FC79300D57166 /* ViewController.swift in Sources */ = {isa = PBXBuildFile; fileRef = C08D15A2222FC79300D57166 /* ViewController.swift */; };
		C08D15A6222FC79300D57166 /* Main.storyboard in Resources */ = {isa = PBXBuildFile; fileRef = C08D15A4222FC79300D57166 /* Main.storyboard */; };
		C08D15A8222FC79400D57166 /* Assets.xcassets in Resources */ = {isa = PBXBuildFile; fileRef = C08D15A7222FC79400D57166 /* Assets.xcassets */; };
		C08D15AB222FC79400D57166 /* LaunchScreen.storyboard in Resources */ = {isa = PBXBuildFile; fileRef = C08D15A9222FC79400D57166 /* LaunchScreen.storyboard */; };
		C08D15BB222FDE9900D57166 /* Sites.swift in Sources */ = {isa = PBXBuildFile; fileRef = C08D15BA222FDE9900D57166 /* Sites.swift */; };
		C08D15BE222FDF0500D57166 /* SiteHours.swift in Sources */ = {isa = PBXBuildFile; fileRef = C08D15BD222FDF0500D57166 /* SiteHours.swift */; };
		C08D15C0222FDF4000D57166 /* SiteSpecialEvents.swift in Sources */ = {isa = PBXBuildFile; fileRef = C08D15BF222FDF4000D57166 /* SiteSpecialEvents.swift */; };
		C08D15C2222FDF6600D57166 /* SitesSupportedOrderMode.swift in Sources */ = {isa = PBXBuildFile; fileRef = C08D15C1222FDF6600D57166 /* SitesSupportedOrderMode.swift */; };
		C08D15C4222FDFBE00D57166 /* SiteServices.swift in Sources */ = {isa = PBXBuildFile; fileRef = C08D15C3222FDFBE00D57166 /* SiteServices.swift */; };
		C08D15C6222FE02300D57166 /* JSONFile.swift in Sources */ = {isa = PBXBuildFile; fileRef = C08D15C5222FE02300D57166 /* JSONFile.swift */; };
		C08D15C8222FE05000D57166 /* DataManager.swift in Sources */ = {isa = PBXBuildFile; fileRef = C08D15C7222FE05000D57166 /* DataManager.swift */; };
		C08D15CE222FE47F00D57166 /* SiteTableViewCell.swift in Sources */ = {isa = PBXBuildFile; fileRef = C08D15CC222FE47F00D57166 /* SiteTableViewCell.swift */; };
		C08D15CF222FE47F00D57166 /* SiteTableViewCell.xib in Resources */ = {isa = PBXBuildFile; fileRef = C08D15CD222FE47F00D57166 /* SiteTableViewCell.xib */; };
/* End PBXBuildFile section */

/* Begin PBXFileReference section */
		7413040645B110DC0AE09F19 /* Pods-CustomPickersAndJsonDateAndTimeParsing.release.xcconfig */ = {isa = PBXFileReference; includeInIndex = 1; lastKnownFileType = text.xcconfig; name = "Pods-CustomPickersAndJsonDateAndTimeParsing.release.xcconfig"; path = "Pods/Target Support Files/Pods-CustomPickersAndJsonDateAndTimeParsing/Pods-CustomPickersAndJsonDateAndTimeParsing.release.xcconfig"; sourceTree = "<group>"; };
		C03B4C1B22328F4000C41586 /* CustomAnnotation.swift */ = {isa = PBXFileReference; fileEncoding = 4; lastKnownFileType = sourcecode.swift; path = CustomAnnotation.swift; sourceTree = "<group>"; };
		C04F25932231392500EC2A62 /* Rotatable.swift */ = {isa = PBXFileReference; fileEncoding = 4; lastKnownFileType = sourcecode.swift; path = Rotatable.swift; sourceTree = "<group>"; };
		C04F25942231392500EC2A62 /* AnimationBarButton.swift */ = {isa = PBXFileReference; fileEncoding = 4; lastKnownFileType = sourcecode.swift; path = AnimationBarButton.swift; sourceTree = "<group>"; };
		C04F25972231393E00EC2A62 /* CollectionViewHelper.swift */ = {isa = PBXFileReference; fileEncoding = 4; lastKnownFileType = sourcecode.swift; path = CollectionViewHelper.swift; sourceTree = "<group>"; };
		C04F25982231393E00EC2A62 /* ConfigurationHelper.swift */ = {isa = PBXFileReference; fileEncoding = 4; lastKnownFileType = sourcecode.swift; path = ConfigurationHelper.swift; sourceTree = "<group>"; };
		C04F25992231393E00EC2A62 /* StoryboardHelper.swift */ = {isa = PBXFileReference; fileEncoding = 4; lastKnownFileType = sourcecode.swift; path = StoryboardHelper.swift; sourceTree = "<group>"; };
		C04F259F22314A1900EC2A62 /* SiteTableViewController.swift */ = {isa = PBXFileReference; fileEncoding = 4; lastKnownFileType = sourcecode.swift; path = SiteTableViewController.swift; sourceTree = "<group>"; };
		C04F25A122314A2200EC2A62 /* SiteController.swift */ = {isa = PBXFileReference; fileEncoding = 4; lastKnownFileType = sourcecode.swift; path = SiteController.swift; sourceTree = "<group>"; };
		C04F25AD2231835E00EC2A62 /* DemoCollectionViewCell.xib */ = {isa = PBXFileReference; fileEncoding = 4; lastKnownFileType = file.xib; path = DemoCollectionViewCell.xib; sourceTree = "<group>"; };
		C04F25AE2231835E00EC2A62 /* DemoCollectionViewCell.swift */ = {isa = PBXFileReference; fileEncoding = 4; lastKnownFileType = sourcecode.swift; path = DemoCollectionViewCell.swift; sourceTree = "<group>"; };
		C08D159D222FC79300D57166 /* CustomUIWithMapsAndMNestedJson.app */ = {isa = PBXFileReference; explicitFileType = wrapper.application; includeInIndex = 0; path = CustomUIWithMapsAndMNestedJson.app; sourceTree = BUILT_PRODUCTS_DIR; };
		C08D15A0222FC79300D57166 /* AppDelegate.swift */ = {isa = PBXFileReference; lastKnownFileType = sourcecode.swift; path = AppDelegate.swift; sourceTree = "<group>"; };
		C08D15A2222FC79300D57166 /* ViewController.swift */ = {isa = PBXFileReference; lastKnownFileType = sourcecode.swift; path = ViewController.swift; sourceTree = "<group>"; };
		C08D15A5222FC79300D57166 /* Base */ = {isa = PBXFileReference; lastKnownFileType = file.storyboard; name = Base; path = Base.lproj/Main.storyboard; sourceTree = "<group>"; };
		C08D15A7222FC79400D57166 /* Assets.xcassets */ = {isa = PBXFileReference; lastKnownFileType = folder.assetcatalog; path = Assets.xcassets; sourceTree = "<group>"; };
		C08D15AA222FC79400D57166 /* Base */ = {isa = PBXFileReference; lastKnownFileType = file.storyboard; name = Base; path = Base.lproj/LaunchScreen.storyboard; sourceTree = "<group>"; };
		C08D15AC222FC79400D57166 /* Info.plist */ = {isa = PBXFileReference; lastKnownFileType = text.plist.xml; path = Info.plist; sourceTree = "<group>"; };
		C08D15BA222FDE9900D57166 /* Sites.swift */ = {isa = PBXFileReference; lastKnownFileType = sourcecode.swift; path = Sites.swift; sourceTree = "<group>"; };
		C08D15BD222FDF0500D57166 /* SiteHours.swift */ = {isa = PBXFileReference; lastKnownFileType = sourcecode.swift; path = SiteHours.swift; sourceTree = "<group>"; };
		C08D15BF222FDF4000D57166 /* SiteSpecialEvents.swift */ = {isa = PBXFileReference; lastKnownFileType = sourcecode.swift; path = SiteSpecialEvents.swift; sourceTree = "<group>"; };
		C08D15C1222FDF6600D57166 /* SitesSupportedOrderMode.swift */ = {isa = PBXFileReference; lastKnownFileType = sourcecode.swift; path = SitesSupportedOrderMode.swift; sourceTree = "<group>"; };
		C08D15C3222FDFBE00D57166 /* SiteServices.swift */ = {isa = PBXFileReference; lastKnownFileType = sourcecode.swift; path = SiteServices.swift; sourceTree = "<group>"; };
		C08D15C5222FE02300D57166 /* JSONFile.swift */ = {isa = PBXFileReference; lastKnownFileType = sourcecode.swift; path = JSONFile.swift; sourceTree = "<group>"; };
		C08D15C7222FE05000D57166 /* DataManager.swift */ = {isa = PBXFileReference; lastKnownFileType = sourcecode.swift; path = DataManager.swift; sourceTree = "<group>"; };
		C08D15CC222FE47F00D57166 /* SiteTableViewCell.swift */ = {isa = PBXFileReference; lastKnownFileType = sourcecode.swift; path = SiteTableViewCell.swift; sourceTree = "<group>"; };
		C08D15CD222FE47F00D57166 /* SiteTableViewCell.xib */ = {isa = PBXFileReference; lastKnownFileType = file.xib; path = SiteTableViewCell.xib; sourceTree = "<group>"; };
		C34B45611E96C7CF8A6B76EA /* Pods-CustomPickersAndJsonDateAndTimeParsing.debug.xcconfig */ = {isa = PBXFileReference; includeInIndex = 1; lastKnownFileType = text.xcconfig; name = "Pods-CustomPickersAndJsonDateAndTimeParsing.debug.xcconfig"; path = "Pods/Target Support Files/Pods-CustomPickersAndJsonDateAndTimeParsing/Pods-CustomPickersAndJsonDateAndTimeParsing.debug.xcconfig"; sourceTree = "<group>"; };
		CD01334D217AF207FB094794 /* Pods_CustomPickersAndJsonDateAndTimeParsing.framework */ = {isa = PBXFileReference; explicitFileType = wrapper.framework; includeInIndex = 0; path = Pods_CustomPickersAndJsonDateAndTimeParsing.framework; sourceTree = BUILT_PRODUCTS_DIR; };
/* End PBXFileReference section */

/* Begin PBXFrameworksBuildPhase section */
		C08D159A222FC79300D57166 /* Frameworks */ = {
			isa = PBXFrameworksBuildPhase;
			buildActionMask = 2147483647;
			files = (
				82B71E56411E2C068C7FE13D /* Pods_CustomPickersAndJsonDateAndTimeParsing.framework in Frameworks */,
			);
			runOnlyForDeploymentPostprocessing = 0;
		};
/* End PBXFrameworksBuildPhase section */

/* Begin PBXGroup section */
		BBEEB1AC1D786DADE2CD13CA /* Frameworks */ = {
			isa = PBXGroup;
			children = (
				CD01334D217AF207FB094794 /* Pods_CustomPickersAndJsonDateAndTimeParsing.framework */,
			);
			name = Frameworks;
			sourceTree = "<group>";
		};
		C04F258E223138AD00EC2A62 /* ExpandingCells */ = {
			isa = PBXGroup;
			children = (
				C04F25AE2231835E00EC2A62 /* DemoCollectionViewCell.swift */,
				C04F25AD2231835E00EC2A62 /* DemoCollectionViewCell.xib */,
			);
			path = ExpandingCells;
			sourceTree = "<group>";
		};
		C08D1594222FC79300D57166 = {
			isa = PBXGroup;
			children = (
				C08D159F222FC79300D57166 /* CustomPickersAndJsonDateAndTimeParsing */,
				C08D159E222FC79300D57166 /* Products */,
				D514AE14E909FD744C6D048D /* Pods */,
				BBEEB1AC1D786DADE2CD13CA /* Frameworks */,
			);
			sourceTree = "<group>";
		};
		C08D159E222FC79300D57166 /* Products */ = {
			isa = PBXGroup;
			children = (
				C08D159D222FC79300D57166 /* CustomUIWithMapsAndMNestedJson.app */,
			);
			name = Products;
			sourceTree = "<group>";
		};
		C08D159F222FC79300D57166 /* CustomPickersAndJsonDateAndTimeParsing */ = {
			isa = PBXGroup;
			children = (
				C08D15B9222FC7F300D57166 /* Services */,
				C08D15B8222FC7EB00D57166 /* DataManager */,
				C08D15B7222FC7DF00D57166 /* Helper */,
				C08D15B6222FC7CE00D57166 /* View */,
				C08D15B5222FC7C800D57166 /* Model */,
				C08D15B4222FC7C000D57166 /* Controllers */,
				C08D15B3222FC7B600D57166 /* JsonFile */,
				C08D15A0222FC79300D57166 /* AppDelegate.swift */,
				C08D15A7222FC79400D57166 /* Assets.xcassets */,
				C08D15A9222FC79400D57166 /* LaunchScreen.storyboard */,
				C08D15AC222FC79400D57166 /* Info.plist */,
			);
			path = CustomPickersAndJsonDateAndTimeParsing;
			sourceTree = "<group>";
		};
		C08D15B3222FC7B600D57166 /* JsonFile */ = {
			isa = PBXGroup;
			children = (
				C08D15C5222FE02300D57166 /* JSONFile.swift */,
			);
			path = JsonFile;
			sourceTree = "<group>";
		};
		C08D15B4222FC7C000D57166 /* Controllers */ = {
			isa = PBXGroup;
			children = (
				C08D15A2222FC79300D57166 /* ViewController.swift */,
				C04F259F22314A1900EC2A62 /* SiteTableViewController.swift */,
				C04F25A122314A2200EC2A62 /* SiteController.swift */,
			);
			path = Controllers;
			sourceTree = "<group>";
		};
		C08D15B5222FC7C800D57166 /* Model */ = {
			isa = PBXGroup;
			children = (
				C08D15BA222FDE9900D57166 /* Sites.swift */,
				C08D15BF222FDF4000D57166 /* SiteSpecialEvents.swift */,
				C08D15BD222FDF0500D57166 /* SiteHours.swift */,
				C08D15C1222FDF6600D57166 /* SitesSupportedOrderMode.swift */,
			);
			path = Model;
			sourceTree = "<group>";
		};
		C08D15B6222FC7CE00D57166 /* View */ = {
			isa = PBXGroup;
			children = (
				C03B4C1B22328F4000C41586 /* CustomAnnotation.swift */,
				C04F25942231392500EC2A62 /* AnimationBarButton.swift */,
				C04F25932231392500EC2A62 /* Rotatable.swift */,
				C04F258E223138AD00EC2A62 /* ExpandingCells */,
				C08D15CB222FE44E00D57166 /* Cell */,
				C08D15A4222FC79300D57166 /* Main.storyboard */,
			);
			path = View;
			sourceTree = "<group>";
		};
		C08D15B7222FC7DF00D57166 /* Helper */ = {
			isa = PBXGroup;
			children = (
				C04F25972231393E00EC2A62 /* CollectionViewHelper.swift */,
				C04F25982231393E00EC2A62 /* ConfigurationHelper.swift */,
				C04F25992231393E00EC2A62 /* StoryboardHelper.swift */,
			);
			path = Helper;
			sourceTree = "<group>";
		};
		C08D15B8222FC7EB00D57166 /* DataManager */ = {
			isa = PBXGroup;
			children = (
				C08D15C7222FE05000D57166 /* DataManager.swift */,
			);
			path = DataManager;
			sourceTree = "<group>";
		};
		C08D15B9222FC7F300D57166 /* Services */ = {
			isa = PBXGroup;
			children = (
				C08D15C3222FDFBE00D57166 /* SiteServices.swift */,
			);
			path = Services;
			sourceTree = "<group>";
		};
		C08D15CB222FE44E00D57166 /* Cell */ = {
			isa = PBXGroup;
			children = (
				C08D15CC222FE47F00D57166 /* SiteTableViewCell.swift */,
				C08D15CD222FE47F00D57166 /* SiteTableViewCell.xib */,
			);
			path = Cell;
			sourceTree = "<group>";
		};
		D514AE14E909FD744C6D048D /* Pods */ = {
			isa = PBXGroup;
			children = (
				C34B45611E96C7CF8A6B76EA /* Pods-CustomPickersAndJsonDateAndTimeParsing.debug.xcconfig */,
				7413040645B110DC0AE09F19 /* Pods-CustomPickersAndJsonDateAndTimeParsing.release.xcconfig */,
			);
			name = Pods;
			sourceTree = "<group>";
		};
/* End PBXGroup section */

/* Begin PBXNativeTarget section */
		C08D159C222FC79300D57166 /* CustomUIWithMapsAndMNestedJson */ = {
			isa = PBXNativeTarget;
			buildConfigurationList = C08D15AF222FC79400D57166 /* Build configuration list for PBXNativeTarget "CustomUIWithMapsAndMNestedJson" */;
			buildPhases = (
				C2F2417E07020D673E9EE780 /* [CP] Check Pods Manifest.lock */,
				C08D1599222FC79300D57166 /* Sources */,
				C08D159A222FC79300D57166 /* Frameworks */,
				C08D159B222FC79300D57166 /* Resources */,
				2191A54ED0D6F3CF0B1174C0 /* [CP] Embed Pods Frameworks */,
			);
			buildRules = (
			);
			dependencies = (
			);
			name = CustomUIWithMapsAndMNestedJson;
			productName = CustomPickersAndJsonDateAndTimeParsing;
			productReference = C08D159D222FC79300D57166 /* CustomUIWithMapsAndMNestedJson.app */;
			productType = "com.apple.product-type.application";
		};
/* End PBXNativeTarget section */

/* Begin PBXProject section */
		C08D1595222FC79300D57166 /* Project object */ = {
			isa = PBXProject;
			attributes = {
				LastSwiftUpdateCheck = 1010;
				LastUpgradeCheck = 1010;
				ORGANIZATIONNAME = "Malovic, Milos";
				TargetAttributes = {
					C08D159C222FC79300D57166 = {
						CreatedOnToolsVersion = 10.1;
					};
				};
			};
			buildConfigurationList = C08D1598222FC79300D57166 /* Build configuration list for PBXProject "CustomUIWithMapsAndMNestedJson" */;
			compatibilityVersion = "Xcode 9.3";
			developmentRegion = en;
			hasScannedForEncodings = 0;
			knownRegions = (
				en,
				Base,
			);
			mainGroup = C08D1594222FC79300D57166;
			productRefGroup = C08D159E222FC79300D57166 /* Products */;
			projectDirPath = "";
			projectRoot = "";
			targets = (
				C08D159C222FC79300D57166 /* CustomUIWithMapsAndMNestedJson */,
			);
		};
/* End PBXProject section */

/* Begin PBXResourcesBuildPhase section */
		C08D159B222FC79300D57166 /* Resources */ = {
			isa = PBXResourcesBuildPhase;
			buildActionMask = 2147483647;
			files = (
				C04F25AF2231835E00EC2A62 /* DemoCollectionViewCell.xib in Resources */,
				C08D15AB222FC79400D57166 /* LaunchScreen.storyboard in Resources */,
				C08D15A8222FC79400D57166 /* Assets.xcassets in Resources */,
				C08D15CF222FE47F00D57166 /* SiteTableViewCell.xib in Resources */,
				C08D15A6222FC79300D57166 /* Main.storyboard in Resources */,
			);
			runOnlyForDeploymentPostprocessing = 0;
		};
/* End PBXResourcesBuildPhase section */

/* Begin PBXShellScriptBuildPhase section */
		2191A54ED0D6F3CF0B1174C0 /* [CP] Embed Pods Frameworks */ = {
			isa = PBXShellScriptBuildPhase;
			buildActionMask = 2147483647;
			files = (
			);
			inputFileListPaths = (
			);
			inputPaths = (
				"${SRCROOT}/Pods/Target Support Files/Pods-CustomPickersAndJsonDateAndTimeParsing/Pods-CustomPickersAndJsonDateAndTimeParsing-frameworks.sh",
				"${BUILT_PRODUCTS_DIR}/expanding-collection/expanding_collection.framework",
			);
			name = "[CP] Embed Pods Frameworks";
			outputFileListPaths = (
			);
			outputPaths = (
				"${TARGET_BUILD_DIR}/${FRAMEWORKS_FOLDER_PATH}/expanding_collection.framework",
			);
			runOnlyForDeploymentPostprocessing = 0;
			shellPath = /bin/sh;
			shellScript = "\"${SRCROOT}/Pods/Target Support Files/Pods-CustomPickersAndJsonDateAndTimeParsing/Pods-CustomPickersAndJsonDateAndTimeParsing-frameworks.sh\"\n";
			showEnvVarsInLog = 0;
		};
		C2F2417E07020D673E9EE780 /* [CP] Check Pods Manifest.lock */ = {
			isa = PBXShellScriptBuildPhase;
			buildActionMask = 2147483647;
			files = (
			);
			inputFileListPaths = (
			);
			inputPaths = (
				"${PODS_PODFILE_DIR_PATH}/Podfile.lock",
				"${PODS_ROOT}/Manifest.lock",
			);
			name = "[CP] Check Pods Manifest.lock";
			outputFileListPaths = (
			);
			outputPaths = (
				"$(DERIVED_FILE_DIR)/Pods-CustomPickersAndJsonDateAndTimeParsing-checkManifestLockResult.txt",
			);
			runOnlyForDeploymentPostprocessing = 0;
			shellPath = /bin/sh;
			shellScript = "diff \"${PODS_PODFILE_DIR_PATH}/Podfile.lock\" \"${PODS_ROOT}/Manifest.lock\" > /dev/null\nif [ $? != 0 ] ; then\n    # print error to STDERR\n    echo \"error: The sandbox is not in sync with the Podfile.lock. Run 'pod install' or update your CocoaPods installation.\" >&2\n    exit 1\nfi\n# This output is used by Xcode 'outputs' to avoid re-running this script phase.\necho \"SUCCESS\" > \"${SCRIPT_OUTPUT_FILE_0}\"\n";
			showEnvVarsInLog = 0;
		};
/* End PBXShellScriptBuildPhase section */

/* Begin PBXSourcesBuildPhase section */
		C08D1599222FC79300D57166 /* Sources */ = {
			isa = PBXSourcesBuildPhase;
			buildActionMask = 2147483647;
			files = (
				C08D15C0222FDF4000D57166 /* SiteSpecialEvents.swift in Sources */,
				C04F25B02231835E00EC2A62 /* DemoCollectionViewCell.swift in Sources */,
				C08D15CE222FE47F00D57166 /* SiteTableViewCell.swift in Sources */,
				C03B4C1C22328F4000C41586 /* CustomAnnotation.swift in Sources */,
				C04F259A2231393E00EC2A62 /* CollectionViewHelper.swift in Sources */,
				C08D15BE222FDF0500D57166 /* SiteHours.swift in Sources */,
				C04F25A222314A2200EC2A62 /* SiteController.swift in Sources */,
				C04F259C2231393E00EC2A62 /* StoryboardHelper.swift in Sources */,
				C08D15A3222FC79300D57166 /* ViewController.swift in Sources */,
				C08D15C6222FE02300D57166 /* JSONFile.swift in Sources */,
				C08D15BB222FDE9900D57166 /* Sites.swift in Sources */,
				C08D15A1222FC79300D57166 /* AppDelegate.swift in Sources */,
				C08D15C4222FDFBE00D57166 /* SiteServices.swift in Sources */,
				C08D15C8222FE05000D57166 /* DataManager.swift in Sources */,
				C04F259B2231393E00EC2A62 /* ConfigurationHelper.swift in Sources */,
				C08D15C2222FDF6600D57166 /* SitesSupportedOrderMode.swift in Sources */,
				C04F25962231392600EC2A62 /* AnimationBarButton.swift in Sources */,
				C04F25952231392600EC2A62 /* Rotatable.swift in Sources */,
				C04F25A022314A1900EC2A62 /* SiteTableViewController.swift in Sources */,
			);
			runOnlyForDeploymentPostprocessing = 0;
		};
/* End PBXSourcesBuildPhase section */

/* Begin PBXVariantGroup section */
		C08D15A4222FC79300D57166 /* Main.storyboard */ = {
			isa = PBXVariantGroup;
			children = (
				C08D15A5222FC79300D57166 /* Base */,
			);
			name = Main.storyboard;
			sourceTree = "<group>";
		};
		C08D15A9222FC79400D57166 /* LaunchScreen.storyboard */ = {
			isa = PBXVariantGroup;
			children = (
				C08D15AA222FC79400D57166 /* Base */,
			);
			name = LaunchScreen.storyboard;
			sourceTree = "<group>";
		};
/* End PBXVariantGroup section */

/* Begin XCBuildConfiguration section */
		C08D15AD222FC79400D57166 /* Debug */ = {
			isa = XCBuildConfiguration;
			buildSettings = {
				ALWAYS_SEARCH_USER_PATHS = NO;
				CLANG_ANALYZER_NONNULL = YES;
				CLANG_ANALYZER_NUMBER_OBJECT_CONVERSION = YES_AGGRESSIVE;
				CLANG_CXX_LANGUAGE_STANDARD = "gnu++14";
				CLANG_CXX_LIBRARY = "libc++";
				CLANG_ENABLE_MODULES = YES;
				CLANG_ENABLE_OBJC_ARC = YES;
				CLANG_ENABLE_OBJC_WEAK = YES;
				CLANG_WARN_BLOCK_CAPTURE_AUTORELEASING = YES;
				CLANG_WARN_BOOL_CONVERSION = YES;
				CLANG_WARN_COMMA = YES;
				CLANG_WARN_CONSTANT_CONVERSION = YES;
				CLANG_WARN_DEPRECATED_OBJC_IMPLEMENTATIONS = YES;
				CLANG_WARN_DIRECT_OBJC_ISA_USAGE = YES_ERROR;
				CLANG_WARN_DOCUMENTATION_COMMENTS = YES;
				CLANG_WARN_EMPTY_BODY = YES;
				CLANG_WARN_ENUM_CONVERSION = YES;
				CLANG_WARN_INFINITE_RECURSION = YES;
				CLANG_WARN_INT_CONVERSION = YES;
				CLANG_WARN_NON_LITERAL_NULL_CONVERSION = YES;
				CLANG_WARN_OBJC_IMPLICIT_RETAIN_SELF = YES;
				CLANG_WARN_OBJC_LITERAL_CONVERSION = YES;
				CLANG_WARN_OBJC_ROOT_CLASS = YES_ERROR;
				CLANG_WARN_RANGE_LOOP_ANALYSIS = YES;
				CLANG_WARN_STRICT_PROTOTYPES = YES;
				CLANG_WARN_SUSPICIOUS_MOVE = YES;
				CLANG_WARN_UNGUARDED_AVAILABILITY = YES_AGGRESSIVE;
				CLANG_WARN_UNREACHABLE_CODE = YES;
				CLANG_WARN__DUPLICATE_METHOD_MATCH = YES;
				CODE_SIGN_IDENTITY = "iPhone Developer";
				COPY_PHASE_STRIP = NO;
				DEBUG_INFORMATION_FORMAT = dwarf;
				ENABLE_STRICT_OBJC_MSGSEND = YES;
				ENABLE_TESTABILITY = YES;
				GCC_C_LANGUAGE_STANDARD = gnu11;
				GCC_DYNAMIC_NO_PIC = NO;
				GCC_NO_COMMON_BLOCKS = YES;
				GCC_OPTIMIZATION_LEVEL = 0;
				GCC_PREPROCESSOR_DEFINITIONS = (
					"DEBUG=1",
					"$(inherited)",
				);
				GCC_WARN_64_TO_32_BIT_CONVERSION = YES;
				GCC_WARN_ABOUT_RETURN_TYPE = YES_ERROR;
				GCC_WARN_UNDECLARED_SELECTOR = YES;
				GCC_WARN_UNINITIALIZED_AUTOS = YES_AGGRESSIVE;
				GCC_WARN_UNUSED_FUNCTION = YES;
				GCC_WARN_UNUSED_VARIABLE = YES;
				IPHONEOS_DEPLOYMENT_TARGET = 12.1;
				MTL_ENABLE_DEBUG_INFO = INCLUDE_SOURCE;
				MTL_FAST_MATH = YES;
				ONLY_ACTIVE_ARCH = YES;
				SDKROOT = iphoneos;
				SWIFT_ACTIVE_COMPILATION_CONDITIONS = DEBUG;
				SWIFT_OPTIMIZATION_LEVEL = "-Onone";
			};
			name = Debug;
		};
		C08D15AE222FC79400D57166 /* Release */ = {
			isa = XCBuildConfiguration;
			buildSettings = {
				ALWAYS_SEARCH_USER_PATHS = NO;
				CLANG_ANALYZER_NONNULL = YES;
				CLANG_ANALYZER_NUMBER_OBJECT_CONVERSION = YES_AGGRESSIVE;
				CLANG_CXX_LANGUAGE_STANDARD = "gnu++14";
				CLANG_CXX_LIBRARY = "libc++";
				CLANG_ENABLE_MODULES = YES;
				CLANG_ENABLE_OBJC_ARC = YES;
				CLANG_ENABLE_OBJC_WEAK = YES;
				CLANG_WARN_BLOCK_CAPTURE_AUTORELEASING = YES;
				CLANG_WARN_BOOL_CONVERSION = YES;
				CLANG_WARN_COMMA = YES;
				CLANG_WARN_CONSTANT_CONVERSION = YES;
				CLANG_WARN_DEPRECATED_OBJC_IMPLEMENTATIONS = YES;
				CLANG_WARN_DIRECT_OBJC_ISA_USAGE = YES_ERROR;
				CLANG_WARN_DOCUMENTATION_COMMENTS = YES;
				CLANG_WARN_EMPTY_BODY = YES;
				CLANG_WARN_ENUM_CONVERSION = YES;
				CLANG_WARN_INFINITE_RECURSION = YES;
				CLANG_WARN_INT_CONVERSION = YES;
				CLANG_WARN_NON_LITERAL_NULL_CONVERSION = YES;
				CLANG_WARN_OBJC_IMPLICIT_RETAIN_SELF = YES;
				CLANG_WARN_OBJC_LITERAL_CONVERSION = YES;
				CLANG_WARN_OBJC_ROOT_CLASS = YES_ERROR;
				CLANG_WARN_RANGE_LOOP_ANALYSIS = YES;
				CLANG_WARN_STRICT_PROTOTYPES = YES;
				CLANG_WARN_SUSPICIOUS_MOVE = YES;
				CLANG_WARN_UNGUARDED_AVAILABILITY = YES_AGGRESSIVE;
				CLANG_WARN_UNREACHABLE_CODE = YES;
				CLANG_WARN__DUPLICATE_METHOD_MATCH = YES;
				CODE_SIGN_IDENTITY = "iPhone Developer";
				COPY_PHASE_STRIP = NO;
				DEBUG_INFORMATION_FORMAT = "dwarf-with-dsym";
				ENABLE_NS_ASSERTIONS = NO;
				ENABLE_STRICT_OBJC_MSGSEND = YES;
				GCC_C_LANGUAGE_STANDARD = gnu11;
				GCC_NO_COMMON_BLOCKS = YES;
				GCC_WARN_64_TO_32_BIT_CONVERSION = YES;
				GCC_WARN_ABOUT_RETURN_TYPE = YES_ERROR;
				GCC_WARN_UNDECLARED_SELECTOR = YES;
				GCC_WARN_UNINITIALIZED_AUTOS = YES_AGGRESSIVE;
				GCC_WARN_UNUSED_FUNCTION = YES;
				GCC_WARN_UNUSED_VARIABLE = YES;
				IPHONEOS_DEPLOYMENT_TARGET = 12.1;
				MTL_ENABLE_DEBUG_INFO = NO;
				MTL_FAST_MATH = YES;
				SDKROOT = iphoneos;
				SWIFT_COMPILATION_MODE = wholemodule;
				SWIFT_OPTIMIZATION_LEVEL = "-O";
				VALIDATE_PRODUCT = YES;
			};
			name = Release;
		};
		C08D15B0222FC79400D57166 /* Debug */ = {
			isa = XCBuildConfiguration;
			baseConfigurationReference = C34B45611E96C7CF8A6B76EA /* Pods-CustomPickersAndJsonDateAndTimeParsing.debug.xcconfig */;
			buildSettings = {
				ASSETCATALOG_COMPILER_APPICON_NAME = AppIcon;
				CODE_SIGN_STYLE = Automatic;
				DEVELOPMENT_TEAM = NAKVM6YWDQ;
				INFOPLIST_FILE = CustomPickersAndJsonDateAndTimeParsing/Info.plist;
				LD_RUNPATH_SEARCH_PATHS = (
					"$(inherited)",
					"@executable_path/Frameworks",
				);
				PRODUCT_BUNDLE_IDENTIFIER = mm11070.CustomPickersAndJsonDateAndTimeParsing;
				PRODUCT_NAME = "$(TARGET_NAME)";
				SWIFT_VERSION = 4.2;
				TARGETED_DEVICE_FAMILY = "1,2";
			};
			name = Debug;
		};
		C08D15B1222FC79400D57166 /* Release */ = {
			isa = XCBuildConfiguration;
			baseConfigurationReference = 7413040645B110DC0AE09F19 /* Pods-CustomPickersAndJsonDateAndTimeParsing.release.xcconfig */;
			buildSettings = {
				ASSETCATALOG_COMPILER_APPICON_NAME = AppIcon;
				CODE_SIGN_STYLE = Automatic;
				DEVELOPMENT_TEAM = NAKVM6YWDQ;
				INFOPLIST_FILE = CustomPickersAndJsonDateAndTimeParsing/Info.plist;
				LD_RUNPATH_SEARCH_PATHS = (
					"$(inherited)",
					"@executable_path/Frameworks",
				);
				PRODUCT_BUNDLE_IDENTIFIER = mm11070.CustomPickersAndJsonDateAndTimeParsing;
				PRODUCT_NAME = "$(TARGET_NAME)";
				SWIFT_VERSION = 4.2;
				TARGETED_DEVICE_FAMILY = "1,2";
			};
			name = Release;
		};
/* End XCBuildConfiguration section */

/* Begin XCConfigurationList section */
		C08D1598222FC79300D57166 /* Build configuration list for PBXProject "CustomUIWithMapsAndMNestedJson" */ = {
			isa = XCConfigurationList;
			buildConfigurations = (
				C08D15AD222FC79400D57166 /* Debug */,
				C08D15AE222FC79400D57166 /* Release */,
			);
			defaultConfigurationIsVisible = 0;
			defaultConfigurationName = Release;
		};
		C08D15AF222FC79400D57166 /* Build configuration list for PBXNativeTarget "CustomUIWithMapsAndMNestedJson" */ = {
			isa = XCConfigurationList;
			buildConfigurations = (
				C08D15B0222FC79400D57166 /* Debug */,
				C08D15B1222FC79400D57166 /* Release */,
			);
			defaultConfigurationIsVisible = 0;
			defaultConfigurationName = Release;
		};
/* End XCConfigurationList section */
	};
	rootObject = C08D1595222FC79300D57166 /* Project object */;
}
